<?xml version="1.0" encoding="utf-8"?>
<Project ToolsVersion="4.0" xmlns="http://schemas.microsoft.com/developer/msbuild/2003">
  <ItemGroup>
    <Filter Include="Source Files">
      <UniqueIdentifier>{b9d5018f-5bc2-4c2a-9ee2-d7a907bc99c6}</UniqueIdentifier>
      <Extensions>cpp;c;cxx;rc;def;r;odl;idl;hpj;bat</Extensions>
    </Filter>
    <Filter Include="Header Files">
      <UniqueIdentifier>{7e02f3d5-5a2c-4e2b-bd45-9974ad54f9d7}</UniqueIdentifier>
      <Extensions>h;hpp;hxx;hm;inl</Extensions>
    </Filter>
    <Filter Include="Resource Files">
      <UniqueIdentifier>{e04ce6a4-fe11-4195-bb3c-3ba1ec4abd2a}</UniqueIdentifier>
      <Extensions>ico;cur;bmp;dlg;rc2;rct;bin;rgs;gif;jpg;jpeg;jpe</Extensions>
    </Filter>
  </ItemGroup>
  <ItemGroup>
    <ClCompile Include="CryptDES.cpp">
      <Filter>Source Files</Filter>
    </ClCompile>
    <ClCompile Include="CryptDESDlg.cpp">
      <Filter>Source Files</Filter>
    </ClCompile>
    <ClCompile Include="DES.cpp">
      <Filter>Source Files</Filter>
    </ClCompile>
    <ClCompile Include="GfL.cpp">
      <Filter>Source Files</Filter>
    </ClCompile>
    <ClCompile Include="StdAfx.cpp">
      <Filter>Source Files</Filter>
    </ClCompile>
  </ItemGroup>
  <ItemGroup>
    <ResourceCompile Include="CryptDES.rc">
      <Filter>Source Files</Filter>
    </ResourceCompile>
  </ItemGroup>
  <ItemGroup>
    <ClInclude Include="CryptDES.h">
      <Filter>Header Files</Filter>
    </ClInclude>
    <ClInclude Include="CryptDESDlg.h">
      <Filter>Header Files</Filter>
    </ClInclude>
    <ClInclude Include="DES.h">
      <Filter>Header Files</Filter>
    </ClInclude>
    <ClInclude Include="GfL.h">
      <Filter>Header Files</Filter>
    </ClInclude>
    <ClInclude Include="Resource.h">
      <Filter>Header Files</Filter>
    </ClInclude>
    <ClInclude Include="StdAfx.h">
      <Filter>Header Files</Filter>
    </ClInclude>
  </ItemGroup>
  <ItemGroup>
    <Image Include="res\CryptDES.ico">
      <Filter>Resource Files</Filter>
    </Image>
    <Image Include="res\计算器.ico">
      <Filter>Resource Files</Filter>
    </Image>
    <Image Include="res\卡通肖像图标.ico">
      <Filter>Resource Files</Filter>
    </Image>
    <Image Include="res\搜索.ico">
      <Filter>Resource Files</Filter>
    </Image>
    <Image Include="res\文件夹草莓.ico">
      <Filter>Resource Files</Filter>
    </Image>
    <Image Include="res\文件夹工具箱.ico">
      <Filter>Resource Files</Filter>
    </Image>
    <Image Include="res\文件夹我的文档图标.ico">
      <Filter>Resource Files</Filter>
    </Image>
    <Image Include="res\密钥.ico">
      <Filter>Resource Files</Filter>
    </Image>
    <Image Include="res\icon1.ico">
      <Filter>Resource Files</Filter>
    </Image>
    <Image Include="res\加密的.ico">
      <Filter>Resource Files</Filter>
    </Image>
    <Image Include="res\加密文件密钥.ico">
      <Filter>Resource Files</Filter>
    </Image>
    <Image Include="res\文档加密.ico">
      <Filter>Resource Files</Filter>
    </Image>
  </ItemGroup>
  <ItemGroup>
    <Text Include="ReadMe.txt" />
  </ItemGroup>
  <ItemGroup>
    <CustomBuild Include="res\CryptDES.rc2">
      <Filter>Resource Files</Filter>
    </CustomBuild>
  </ItemGroup>
</Project>